lockfileVersion: '9.0'

settings:
  autoInstallPeers: true
  excludeLinksFromLockfile: false

importers:

  .:
    devDependencies:
      '@types/node':
        specifier: 22.x
        version: 22.19.1
      '@types/vscode':
        specifier: ^1.99.0
        version: 1.106.1
      reactive-vscode:
        specifier: ^0.4.1
        version: 0.4.1(@types/vscode@1.106.1)
      tsdown:
        specifier: ^0.15.11
        version: 0.15.12(typescript@5.9.3)
      typescript:
        specifier: ^5.9.3
        version: 5.9.3

packages:

  '@babel/generator@7.28.5':
    resolution: {integrity: sha512-3EwLFhZ38J4VyIP6WNtt2kUdW9dokXA9Cr4IVIFHuCpZ3H8/YFOl5JjZHisrn1fATPBmKKqXzDFvh9fUwHz6CQ==}
    engines: {node: '>=6.9.0'}

  '@babel/helper-string-parser@7.27.1':
    resolution: {integrity: sha512-qMlSxKbpRlAridDExk92nSobyDdpPijUq2DW6oDnUqd0iOGxmQjyqhMIihI9+zv4LPyZdRje2cavWPbCbWm3eA==}
    engines: {node: '>=6.9.0'}

  '@babel/helper-validator-identifier@7.28.5':
    resolution: {integrity: sha512-qSs4ifwzKJSV39ucNjsvc6WVHs6b7S03sOh2OcHF9UHfVPqWWALUsNUVzhSBiItjRZoLHx7nIarVjqKVusUZ1Q==}
    engines: {node: '>=6.9.0'}

  '@babel/parser@7.28.5':
    resolution: {integrity: sha512-KKBU1VGYR7ORr3At5HAtUQ+TV3SzRCXmA/8OdDZiLDBIZxVyzXuztPjfLd3BV1PRAQGCMWWSHYhL0F8d5uHBDQ==}
    engines: {node: '>=6.0.0'}
    hasBin: true

  '@babel/types@7.28.5':
    resolution: {integrity: sha512-qQ5m48eI/MFLQ5PxQj4PFaprjyCTLI37ElWMmNs0K8Lk3dVeOdNpB3ks8jc7yM5CDmVC73eMVk/trk3fgmrUpA==}
    engines: {node: '>=6.9.0'}

  '@emnapi/core@1.7.1':
    resolution: {integrity: sha512-o1uhUASyo921r2XtHYOHy7gdkGLge8ghBEQHMWmyJFoXlpU58kIrhhN3w26lpQb6dspetweapMn2CSNwQ8I4wg==}

  '@emnapi/runtime@1.7.1':
    resolution: {integrity: sha512-PVtJr5CmLwYAU9PZDMITZoR5iAOShYREoR45EyyLrbntV50mdePTgUn4AmOw90Ifcj+x2kRjdzr1HP3RrNiHGA==}

  '@emnapi/wasi-threads@1.1.0':
    resolution: {integrity: sha512-WI0DdZ8xFSbgMjR1sFsKABJ/C5OnRrjT06JXbZKexJGrDuPTzZdDYfFlsgcCXCyf+suG5QU2e/y1Wo2V/OapLQ==}

  '@jridgewell/gen-mapping@0.3.13':
    resolution: {integrity: sha512-2kkt/7niJ6MgEPxF0bYdQ6etZaA+fQvDcLKckhy1yIQOzaoKjBBjSj63/aLVjYE3qhRt5dvM+uUyfCg6UKCBbA==}

  '@jridgewell/resolve-uri@3.1.2':
    resolution: {integrity: sha512-bRISgCIjP20/tbWSPWMEi54QVPRZExkuD9lJL+UIxUKtwVJA8wW1Trb1jMs1RFXo1CBTNZ/5hpC9QvmKWdopKw==}
    engines: {node: '>=6.0.0'}

  '@jridgewell/sourcemap-codec@1.5.5':
    resolution: {integrity: sha512-cYQ9310grqxueWbl+WuIUIaiUaDcj7WOq5fVhEljNVgRfOUhY9fy2zTvfoqWsnebh8Sl70VScFbICvJnLKB0Og==}

  '@jridgewell/trace-mapping@0.3.31':
    resolution: {integrity: sha512-zzNR+SdQSDJzc8joaeP8QQoCQr8NuYx2dIIytl1QeBEZHJ9uW6hebsrYgbz8hJwUQao3TWCMtmfV8Nu1twOLAw==}

  '@napi-rs/wasm-runtime@1.0.7':
    resolution: {integrity: sha512-SeDnOO0Tk7Okiq6DbXmmBODgOAb9dp9gjlphokTUxmt8U3liIP1ZsozBahH69j/RJv+Rfs6IwUKHTgQYJ/HBAw==}

  '@oxc-project/types@0.95.0':
    resolution: {integrity: sha512-vACy7vhpMPhjEJhULNxrdR0D943TkA/MigMpJCHmBHvMXxRStRi/dPtTlfQ3uDwWSzRpT8z+7ImjZVf8JWBocQ==}

  '@quansync/fs@0.1.5':
    resolution: {integrity: sha512-lNS9hL2aS2NZgNW7BBj+6EBl4rOf8l+tQ0eRY6JWCI8jI2kc53gSoqbjojU0OnAWhzoXiOjFyGsHcDGePB3lhA==}

  '@reactive-vscode/reactivity@0.4.1':
    resolution: {integrity: sha512-ThNXTkTNK9LHvdlBcyzqSywlfF61FIQDlVDqv12+rkRQCCUjWsD+oilbIYYi5uAJkQ2h/yLyowx3f0YVEY1bxQ==}

  '@rolldown/binding-android-arm64@1.0.0-beta.45':
    resolution: {integrity: sha512-bfgKYhFiXJALeA/riil908+2vlyWGdwa7Ju5S+JgWZYdR4jtiPOGdM6WLfso1dojCh+4ZWeiTwPeV9IKQEX+4g==}
    engines: {node: ^20.19.0 || >=22.12.0}
    cpu: [arm64]
    os: [android]

  '@rolldown/binding-darwin-arm64@1.0.0-beta.45':
    resolution: {integrity: sha512-xjCv4CRVsSnnIxTuyH1RDJl5OEQ1c9JYOwfDAHddjJDxCw46ZX9q80+xq7Eok7KC4bRSZudMJllkvOKv0T9SeA==}
    engines: {node: ^20.19.0 || >=22.12.0}
    cpu: [arm64]
    os: [darwin]

  '@rolldown/binding-darwin-x64@1.0.0-beta.45':
    resolution: {integrity: sha512-ddcO9TD3D/CLUa/l8GO8LHzBOaZqWg5ClMy3jICoxwCuoz47h9dtqPsIeTiB6yR501LQTeDsjA4lIFd7u3Ljfw==}
    engines: {node: ^20.19.0 || >=22.12.0}
    cpu: [x64]
    os: [darwin]

  '@rolldown/binding-freebsd-x64@1.0.0-beta.45':
    resolution: {integrity: sha512-MBTWdrzW9w+UMYDUvnEuh0pQvLENkl2Sis15fHTfHVW7ClbGuez+RWopZudIDEGkpZXdeI4CkRXk+vdIIebrmg==}
    engines: {node: ^20.19.0 || >=22.12.0}
    cpu: [x64]
    os: [freebsd]

  '@rolldown/binding-linux-arm-gnueabihf@1.0.0-beta.45':
    resolution: {integrity: sha512-4YgoCFiki1HR6oSg+GxxfzfnVCesQxLF1LEnw9uXS/MpBmuog0EOO2rYfy69rWP4tFZL9IWp6KEfGZLrZ7aUog==}
    engines: {node: ^20.19.0 || >=22.12.0}
    cpu: [arm]
    os: [linux]

  '@rolldown/binding-linux-arm64-gnu@1.0.0-beta.45':
    resolution: {integrity: sha512-LE1gjAwQRrbCOorJJ7LFr10s5vqYf5a00V5Ea9wXcT2+56n5YosJkcp8eQ12FxRBv2YX8dsdQJb+ZTtYJwb6XQ==}
    engines: {node: ^20.19.0 || >=22.12.0}
    cpu: [arm64]
    os: [linux]

  '@rolldown/binding-linux-arm64-musl@1.0.0-beta.45':
    resolution: {integrity: sha512-tdy8ThO/fPp40B81v0YK3QC+KODOmzJzSUOO37DinQxzlTJ026gqUSOM8tzlVixRbQJltgVDCTYF8HNPRErQTA==}
    engines: {node: ^20.19.0 || >=22.12.0}
    cpu: [arm64]
    os: [linux]

  '@rolldown/binding-linux-x64-gnu@1.0.0-beta.45':
    resolution: {integrity: sha512-lS082ROBWdmOyVY/0YB3JmsiClaWoxvC+dA8/rbhyB9VLkvVEaihLEOr4CYmrMse151C4+S6hCw6oa1iewox7g==}
    engines: {node: ^20.19.0 || >=22.12.0}
    cpu: [x64]
    os: [linux]

  '@rolldown/binding-linux-x64-musl@1.0.0-beta.45':
    resolution: {integrity: sha512-Hi73aYY0cBkr1/SvNQqH8Cd+rSV6S9RB5izCv0ySBcRnd/Wfn5plguUoGYwBnhHgFbh6cPw9m2dUVBR6BG1gxA==}
    engines: {node: ^20.19.0 || >=22.12.0}
    cpu: [x64]
    os: [linux]

  '@rolldown/binding-openharmony-arm64@1.0.0-beta.45':
    resolution: {integrity: sha512-fljEqbO7RHHogNDxYtTzr+GNjlfOx21RUyGmF+NrkebZ8emYYiIqzPxsaMZuRx0rgZmVmliOzEp86/CQFDKhJQ==}
    engines: {node: ^20.19.0 || >=22.12.0}
    cpu: [arm64]
    os: [openharmony]

  '@rolldown/binding-wasm32-wasi@1.0.0-beta.45':
    resolution: {integrity: sha512-ZJDB7lkuZE9XUnWQSYrBObZxczut+8FZ5pdanm8nNS1DAo8zsrPuvGwn+U3fwU98WaiFsNrA4XHngesCGr8tEQ==}
    engines: {node: '>=14.0.0'}
    cpu: [wasm32]

  '@rolldown/binding-win32-arm64-msvc@1.0.0-beta.45':
    resolution: {integrity: sha512-zyzAjItHPUmxg6Z8SyRhLdXlJn3/D9KL5b9mObUrBHhWS/GwRH4665xCiFqeuktAhhWutqfc+rOV2LjK4VYQGQ==}
    engines: {node: ^20.19.0 || >=22.12.0}
    cpu: [arm64]
    os: [win32]

  '@rolldown/binding-win32-ia32-msvc@1.0.0-beta.45':
    resolution: {integrity: sha512-wODcGzlfxqS6D7BR0srkJk3drPwXYLu7jPHN27ce2c4PUnVVmJnp9mJzUQGT4LpmHmmVdMZ+P6hKvyTGBzc1CA==}
    engines: {node: ^20.19.0 || >=22.12.0}
    cpu: [ia32]
    os: [win32]

  '@rolldown/binding-win32-x64-msvc@1.0.0-beta.45':
    resolution: {integrity: sha512-wiU40G1nQo9rtfvF9jLbl79lUgjfaD/LTyUEw2Wg/gdF5OhjzpKMVugZQngO+RNdwYaNj+Fs+kWBWfp4VXPMHA==}
    engines: {node: ^20.19.0 || >=22.12.0}
    cpu: [x64]
    os: [win32]

  '@rolldown/pluginutils@1.0.0-beta.45':
    resolution: {integrity: sha512-Le9ulGCrD8ggInzWw/k2J8QcbPz7eGIOWqfJ2L+1R0Opm7n6J37s2hiDWlh6LJN0Lk9L5sUzMvRHKW7UxBZsQA==}

  '@tybys/wasm-util@0.10.1':
    resolution: {integrity: sha512-9tTaPJLSiejZKx+Bmog4uSubteqTvFrVrURwkmHixBo0G4seD0zUxp98E1DzUBJxLQ3NPwXrGKDiVjwx/DpPsg==}

  '@types/node@22.19.1':
    resolution: {integrity: sha512-LCCV0HdSZZZb34qifBsyWlUmok6W7ouER+oQIGBScS8EsZsQbrtFTUrDX4hOl+CS6p7cnNC4td+qrSVGSCTUfQ==}

  '@types/vscode@1.106.1':
    resolution: {integrity: sha512-R/HV8u2h8CAddSbX8cjpdd7B8/GnE4UjgjpuGuHcbp1xV6yh4OeqU4L1pKjlwujCrSFS0MOpwJAIs/NexMB1fQ==}

  ansis@4.2.0:
    resolution: {integrity: sha512-HqZ5rWlFjGiV0tDm3UxxgNRqsOTniqoKZu0pIAfh7TZQMGuZK+hH0drySty0si0QXj1ieop4+SkSfPZBPPkHig==}
    engines: {node: '>=14'}

  ast-kit@2.2.0:
    resolution: {integrity: sha512-m1Q/RaVOnTp9JxPX+F+Zn7IcLYMzM8kZofDImfsKZd8MbR+ikdOzTeztStWqfrqIxZnYWryyI9ePm3NGjnZgGw==}
    engines: {node: '>=20.19.0'}

  birpc@2.8.0:
    resolution: {integrity: sha512-Bz2a4qD/5GRhiHSwj30c/8kC8QGj12nNDwz3D4ErQ4Xhy35dsSDvF+RA/tWpjyU0pdGtSDiEk6B5fBGE1qNVhw==}

  cac@6.7.14:
    resolution: {integrity: sha512-b6Ilus+c3RrdDk+JhLKUAQfzzgLEPy6wcXqS7f/xe1EETvsDP6GORG7SFuOs6cID5YkqchW/LXZbX5bc8j7ZcQ==}
    engines: {node: '>=8'}

  chokidar@4.0.3:
    resolution: {integrity: sha512-Qgzu8kfBvo+cA4962jnP1KkS6Dop5NS6g7R5LFYJr4b8Ub94PPQXUksCw9PvXoeXPRRddRNC5C1JQUR2SMGtnA==}
    engines: {node: '>= 14.16.0'}

  debug@4.4.3:
    resolution: {integrity: sha512-RGwwWnwQvkVfavKVt22FGLw+xYSdzARwm0ru6DhTVA3umU5hZc28V3kO4stgYryrTlLpuvgI9GiijltAjNbcqA==}
    engines: {node: '>=6.0'}
    peerDependencies:
      supports-color: '*'
    peerDependenciesMeta:
      supports-color:
        optional: true

  defu@6.1.4:
    resolution: {integrity: sha512-mEQCMmwJu317oSz8CwdIOdwf3xMif1ttiM8LTufzc3g6kR+9Pe236twL8j3IYT1F7GfRgGcW6MWxzZjLIkuHIg==}

  diff@8.0.2:
    resolution: {integrity: sha512-sSuxWU5j5SR9QQji/o2qMvqRNYRDOcBTgsJ/DeCf4iSN4gW+gNMXM7wFIP+fdXZxoNiAnHUTGjCr+TSWXdRDKg==}
    engines: {node: '>=0.3.1'}

  dts-resolver@2.1.3:
    resolution: {integrity: sha512-bihc7jPC90VrosXNzK0LTE2cuLP6jr0Ro8jk+kMugHReJVLIpHz/xadeq3MhuwyO4TD4OA3L1Q8pBBFRc08Tsw==}
    engines: {node: '>=20.19.0'}
    peerDependencies:
      oxc-resolver: '>=11.0.0'
    peerDependenciesMeta:
      oxc-resolver:
        optional: true

  empathic@2.0.0:
    resolution: {integrity: sha512-i6UzDscO/XfAcNYD75CfICkmfLedpyPDdozrLMmQc5ORaQcdMoc21OnlEylMIqI7U8eniKrPMxxtj8k0vhmJhA==}
    engines: {node: '>=14'}

  fdir@6.5.0:
    resolution: {integrity: sha512-tIbYtZbucOs0BRGqPJkshJUYdL+SDH7dVM8gjy+ERp3WAUjLEFJE+02kanyHtwjWOnwrKYBiwAmM0p4kLJAnXg==}
    engines: {node: '>=12.0.0'}
    peerDependencies:
      picomatch: ^3 || ^4
    peerDependenciesMeta:
      picomatch:
        optional: true

  get-tsconfig@4.13.0:
    resolution: {integrity: sha512-1VKTZJCwBrvbd+Wn3AOgQP/2Av+TfTCOlE4AcRJE72W1ksZXbAx8PPBR9RzgTeSPzlPMHrbANMH3LbltH73wxQ==}

  hookable@5.5.3:
    resolution: {integrity: sha512-Yc+BQe8SvoXH1643Qez1zqLRmbA5rCL+sSmk6TVos0LWVfNIB7PGncdlId77WzLGSIB5KaWgTaNTs2lNVEI6VQ==}

  jiti@2.6.1:
    resolution: {integrity: sha512-ekilCSN1jwRvIbgeg/57YFh8qQDNbwDb9xT/qu2DAHbFFZUicIl4ygVaAvzveMhMVr3LnpSKTNnwt8PoOfmKhQ==}
    hasBin: true

  jsesc@3.1.0:
    resolution: {integrity: sha512-/sM3dO2FOzXjKQhJuo0Q173wf2KOo8t4I8vHy6lF9poUp7bKT0/NHE8fPX23PwfhnykfqnC2xRxOnVw5XuGIaA==}
    engines: {node: '>=6'}
    hasBin: true

  magic-string@0.30.21:
    resolution: {integrity: sha512-vd2F4YUyEXKGcLHoq+TEyCjxueSeHnFxyyjNp80yg0XV4vUhnDer/lvvlqM/arB5bXQN5K2/3oinyCRyx8T2CQ==}

  ms@2.1.3:
    resolution: {integrity: sha512-6FlzubTLZG3J2a/NVCAleEhjzq5oxgHyaCU9yYXvcLsvoVaHJq/s5xXI6/XXP6tz7R9xAOtHnSO/tXtF3WRTlA==}

  obug@2.1.1:
    resolution: {integrity: sha512-uTqF9MuPraAQ+IsnPf366RG4cP9RtUi7MLO1N3KEc+wb0a6yKpeL0lmk2IB1jY5KHPAlTc6T/JRdC/YqxHNwkQ==}

  pathe@2.0.3:
    resolution: {integrity: sha512-WUjGcAqP1gQacoQe+OBJsFA7Ld4DyXuUIjZ5cc75cLHvJ7dtNsTugphxIADwspS+AraAUePCKrSVtPLFj/F88w==}

  picomatch@4.0.3:
    resolution: {integrity: sha512-5gTmgEY/sqK6gFXLIsQNH19lWb4ebPDLA4SdLP7dsWkIXHWlG66oPuVvXSGFPppYZz8ZDZq0dYYrbHfBCVUb1Q==}
    engines: {node: '>=12'}

  quansync@0.2.11:
    resolution: {integrity: sha512-AifT7QEbW9Nri4tAwR5M/uzpBuqfZf+zwaEM/QkzEjj7NBuFD2rBuy0K3dE+8wltbezDV7JMA0WfnCPYRSYbXA==}

  reactive-vscode@0.4.1:
    resolution: {integrity: sha512-meh1p9cF3A0kRKQARo84PASHwa27cFMD3bLWfV7DypERf51678f420my8btKAyMHl3P6pI7LcivrrwbfrIgmNg==}
    peerDependencies:
      '@types/vscode': ^1.101.0

  readdirp@4.1.2:
    resolution: {integrity: sha512-GDhwkLfywWL2s6vEjyhri+eXmfH6j1L7JE27WhqLeYzoh/A3DBaYGEj2H/HFZCn/kMfim73FXxEJTw06WtxQwg==}
    engines: {node: '>= 14.18.0'}

  resolve-pkg-maps@1.0.0:
    resolution: {integrity: sha512-seS2Tj26TBVOC2NIc2rOe2y2ZO7efxITtLZcGSOnHHNOQ7CkiUBfw0Iw2ck6xkIhPwLhKNLS8BO+hEpngQlqzw==}

  rolldown-plugin-dts@0.17.8:
    resolution: {integrity: sha512-76EEBlhF00yeY6M7VpMkWKI4r9WjuoMiOGey7j4D6zf3m0BR+ZrrY9hvSXdueJ3ljxSLq4DJBKFpX/X9+L7EKw==}
    engines: {node: '>=20.19.0'}
    peerDependencies:
      '@ts-macro/tsc': ^0.3.6
      '@typescript/native-preview': '>=7.0.0-dev.20250601.1'
      rolldown: ^1.0.0-beta.44
      typescript: ^5.0.0
      vue-tsc: ~3.1.0
    peerDependenciesMeta:
      '@ts-macro/tsc':
        optional: true
      '@typescript/native-preview':
        optional: true
      typescript:
        optional: true
      vue-tsc:
        optional: true

  rolldown@1.0.0-beta.45:
    resolution: {integrity: sha512-iMmuD72XXLf26Tqrv1cryNYLX6NNPLhZ3AmNkSf8+xda0H+yijjGJ+wVT9UdBUHOpKzq9RjKtQKRCWoEKQQBZQ==}
    engines: {node: ^20.19.0 || >=22.12.0}
    hasBin: true

  semver@7.7.3:
    resolution: {integrity: sha512-SdsKMrI9TdgjdweUSR9MweHA4EJ8YxHn8DFaDisvhVlUOe4BF1tLD7GAj0lIqWVl+dPb/rExr0Btby5loQm20Q==}
    engines: {node: '>=10'}
    hasBin: true

  tinyexec@1.0.2:
    resolution: {integrity: sha512-W/KYk+NFhkmsYpuHq5JykngiOCnxeVL8v8dFnqxSD8qEEdRfXk1SDM6JzNqcERbcGYj9tMrDQBYV9cjgnunFIg==}
    engines: {node: '>=18'}

  tinyglobby@0.2.15:
    resolution: {integrity: sha512-j2Zq4NyQYG5XMST4cbs02Ak8iJUdxRM0XI5QyxXuZOzKOINmWurp3smXu3y5wDcJrptwpSjgXHzIQxR0omXljQ==}
    engines: {node: '>=12.0.0'}

  tree-kill@1.2.2:
    resolution: {integrity: sha512-L0Orpi8qGpRG//Nd+H90vFB+3iHnue1zSSGmNOOCh1GLJ7rUKVwV2HvijphGQS2UmhUZewS9VgvxYIdgr+fG1A==}
    hasBin: true

  tsdown@0.15.12:
    resolution: {integrity: sha512-c8VLlQm8/lFrOAg5VMVeN4NAbejZyVQkzd+ErjuaQgJFI/9MhR9ivr0H/CM7UlOF1+ELlF6YaI7sU/4itgGQ8w==}
    engines: {node: '>=20.19.0'}
    hasBin: true
    peerDependencies:
      '@arethetypeswrong/core': ^0.18.1
      publint: ^0.3.0
      typescript: ^5.0.0
      unplugin-lightningcss: ^0.4.0
      unplugin-unused: ^0.5.0
      unrun: ^0.2.1
    peerDependenciesMeta:
      '@arethetypeswrong/core':
        optional: true
      publint:
        optional: true
      typescript:
        optional: true
      unplugin-lightningcss:
        optional: true
      unplugin-unused:
        optional: true
      unrun:
        optional: true

  tslib@2.8.1:
    resolution: {integrity: sha512-oJFu94HQb+KVduSUQL7wnpmqnfmLsOA/nAh6b6EH0wCEoK0/mPeXU6c3wKDV83MkOuHPRHtSXKKU99IBazS/2w==}

  typescript@5.9.3:
    resolution: {integrity: sha512-jl1vZzPDinLr9eUt3J/t7V6FgNEw9QjvBPdysz9KfQDD41fQrC2Y4vKQdiaUpFT4bXlb1RHhLpp8wtm6M5TgSw==}
    engines: {node: '>=14.17'}
    hasBin: true

  unconfig-core@7.4.1:
    resolution: {integrity: sha512-Bp/bPZjV2Vl/fofoA2OYLSnw1Z0MOhCX7zHnVCYrazpfZvseBbGhwcNQMxsg185Mqh7VZQqK3C8hFG/Dyng+yA==}

  unconfig@7.4.1:
    resolution: {integrity: sha512-uyQ7LElcGizrOGZyIq9KU+xkuEjcRf9IpmDTkCSYv5mEeZzrXSj6rb51C0L+WTedsmAoVxW9WKrLWhSwebIM9Q==}

  undici-types@6.21.0:
    resolution: {integrity: sha512-iwDZqg0QAGrg9Rav5H4n0M64c3mkR59cJ6wQp+7C4nI0gsmExaedaYLNO44eT4AtBBwjbTiGPMlt2Md0T9H9JQ==}

snapshots:

  '@babel/generator@7.28.5':
    dependencies:
      '@babel/parser': 7.28.5
      '@babel/types': 7.28.5
      '@jridgewell/gen-mapping': 0.3.13
      '@jridgewell/trace-mapping': 0.3.31
      jsesc: 3.1.0

  '@babel/helper-string-parser@7.27.1': {}

  '@babel/helper-validator-identifier@7.28.5': {}

  '@babel/parser@7.28.5':
    dependencies:
      '@babel/types': 7.28.5

  '@babel/types@7.28.5':
    dependencies:
      '@babel/helper-string-parser': 7.27.1
      '@babel/helper-validator-identifier': 7.28.5

  '@emnapi/core@1.7.1':
    dependencies:
      '@emnapi/wasi-threads': 1.1.0
      tslib: 2.8.1
    optional: true

  '@emnapi/runtime@1.7.1':
    dependencies:
      tslib: 2.8.1
    optional: true

  '@emnapi/wasi-threads@1.1.0':
    dependencies:
      tslib: 2.8.1
    optional: true

  '@jridgewell/gen-mapping@0.3.13':
    dependencies:
      '@jridgewell/sourcemap-codec': 1.5.5
      '@jridgewell/trace-mapping': 0.3.31

  '@jridgewell/resolve-uri@3.1.2': {}

  '@jridgewell/sourcemap-codec@1.5.5': {}

  '@jridgewell/trace-mapping@0.3.31':
    dependencies:
      '@jridgewell/resolve-uri': 3.1.2
      '@jridgewell/sourcemap-codec': 1.5.5

  '@napi-rs/wasm-runtime@1.0.7':
    dependencies:
      '@emnapi/core': 1.7.1
      '@emnapi/runtime': 1.7.1
      '@tybys/wasm-util': 0.10.1
    optional: true

  '@oxc-project/types@0.95.0': {}

  '@quansync/fs@0.1.5':
    dependencies:
      quansync: 0.2.11

  '@reactive-vscode/reactivity@0.4.1': {}

  '@rolldown/binding-android-arm64@1.0.0-beta.45':
    optional: true

  '@rolldown/binding-darwin-arm64@1.0.0-beta.45':
    optional: true

  '@rolldown/binding-darwin-x64@1.0.0-beta.45':
    optional: true

  '@rolldown/binding-freebsd-x64@1.0.0-beta.45':
    optional: true

  '@rolldown/binding-linux-arm-gnueabihf@1.0.0-beta.45':
    optional: true

  '@rolldown/binding-linux-arm64-gnu@1.0.0-beta.45':
    optional: true

  '@rolldown/binding-linux-arm64-musl@1.0.0-beta.45':
    optional: true

  '@rolldown/binding-linux-x64-gnu@1.0.0-beta.45':
    optional: true

  '@rolldown/binding-linux-x64-musl@1.0.0-beta.45':
    optional: true

  '@rolldown/binding-openharmony-arm64@1.0.0-beta.45':
    optional: true

  '@rolldown/binding-wasm32-wasi@1.0.0-beta.45':
    dependencies:
      '@napi-rs/wasm-runtime': 1.0.7
    optional: true

  '@rolldown/binding-win32-arm64-msvc@1.0.0-beta.45':
    optional: true

  '@rolldown/binding-win32-ia32-msvc@1.0.0-beta.45':
    optional: true

  '@rolldown/binding-win32-x64-msvc@1.0.0-beta.45':
    optional: true

  '@rolldown/pluginutils@1.0.0-beta.45': {}

  '@tybys/wasm-util@0.10.1':
    dependencies:
      tslib: 2.8.1
    optional: true

  '@types/node@22.19.1':
    dependencies:
      undici-types: 6.21.0

  '@types/vscode@1.106.1': {}

  ansis@4.2.0: {}

  ast-kit@2.2.0:
    dependencies:
      '@babel/parser': 7.28.5
      pathe: 2.0.3

  birpc@2.8.0: {}

  cac@6.7.14: {}

  chokidar@4.0.3:
    dependencies:
      readdirp: 4.1.2

  debug@4.4.3:
    dependencies:
      ms: 2.1.3

  defu@6.1.4: {}

  diff@8.0.2: {}

  dts-resolver@2.1.3: {}

  empathic@2.0.0: {}

  fdir@6.5.0(picomatch@4.0.3):
    optionalDependencies:
      picomatch: 4.0.3

  get-tsconfig@4.13.0:
    dependencies:
      resolve-pkg-maps: 1.0.0

  hookable@5.5.3: {}

  jiti@2.6.1: {}

  jsesc@3.1.0: {}

  magic-string@0.30.21:
    dependencies:
      '@jridgewell/sourcemap-codec': 1.5.5

  ms@2.1.3: {}

  obug@2.1.1: {}

  pathe@2.0.3: {}

  picomatch@4.0.3: {}

  quansync@0.2.11: {}

  reactive-vscode@0.4.1(@types/vscode@1.106.1):
    dependencies:
      '@reactive-vscode/reactivity': 0.4.1
      '@types/vscode': 1.106.1

  readdirp@4.1.2: {}

  resolve-pkg-maps@1.0.0: {}

  rolldown-plugin-dts@0.17.8(rolldown@1.0.0-beta.45)(typescript@5.9.3):
    dependencies:
      '@babel/generator': 7.28.5
      '@babel/parser': 7.28.5
      '@babel/types': 7.28.5
      ast-kit: 2.2.0
      birpc: 2.8.0
      dts-resolver: 2.1.3
      get-tsconfig: 4.13.0
      magic-string: 0.30.21
      obug: 2.1.1
      rolldown: 1.0.0-beta.45
    optionalDependencies:
      typescript: 5.9.3
    transitivePeerDependencies:
      - oxc-resolver

  rolldown@1.0.0-beta.45:
    dependencies:
      '@oxc-project/types': 0.95.0
      '@rolldown/pluginutils': 1.0.0-beta.45
    optionalDependencies:
      '@rolldown/binding-android-arm64': 1.0.0-beta.45
      '@rolldown/binding-darwin-arm64': 1.0.0-beta.45
      '@rolldown/binding-darwin-x64': 1.0.0-beta.45
      '@rolldown/binding-freebsd-x64': 1.0.0-beta.45
      '@rolldown/binding-linux-arm-gnueabihf': 1.0.0-beta.45
      '@rolldown/binding-linux-arm64-gnu': 1.0.0-beta.45
      '@rolldown/binding-linux-arm64-musl': 1.0.0-beta.45
      '@rolldown/binding-linux-x64-gnu': 1.0.0-beta.45
      '@rolldown/binding-linux-x64-musl': 1.0.0-beta.45
      '@rolldown/binding-openharmony-arm64': 1.0.0-beta.45
      '@rolldown/binding-wasm32-wasi': 1.0.0-beta.45
      '@rolldown/binding-win32-arm64-msvc': 1.0.0-beta.45
      '@rolldown/binding-win32-ia32-msvc': 1.0.0-beta.45
      '@rolldown/binding-win32-x64-msvc': 1.0.0-beta.45

  semver@7.7.3: {}

  tinyexec@1.0.2: {}

  tinyglobby@0.2.15:
    dependencies:
      fdir: 6.5.0(picomatch@4.0.3)
      picomatch: 4.0.3

  tree-kill@1.2.2: {}

  tsdown@0.15.12(typescript@5.9.3):
    dependencies:
      ansis: 4.2.0
      cac: 6.7.14
      chokidar: 4.0.3
      debug: 4.4.3
      diff: 8.0.2
      empathic: 2.0.0
      hookable: 5.5.3
      rolldown: 1.0.0-beta.45
      rolldown-plugin-dts: 0.17.8(rolldown@1.0.0-beta.45)(typescript@5.9.3)
      semver: 7.7.3
      tinyexec: 1.0.2
      tinyglobby: 0.2.15
      tree-kill: 1.2.2
      unconfig: 7.4.1
    optionalDependencies:
      typescript: 5.9.3
    transitivePeerDependencies:
      - '@ts-macro/tsc'
      - '@typescript/native-preview'
      - oxc-resolver
      - supports-color
      - vue-tsc

  tslib@2.8.1:
    optional: true

  typescript@5.9.3: {}

  unconfig-core@7.4.1:
    dependencies:
      '@quansync/fs': 0.1.5
      quansync: 0.2.11

  unconfig@7.4.1:
    dependencies:
      '@quansync/fs': 0.1.5
      defu: 6.1.4
      jiti: 2.6.1
      quansync: 0.2.11
      unconfig-core: 7.4.1

  undici-types@6.21.0: {}
